// !$*UTF8*$!
{
	archiveVersion = 1;
	classes = {
	};
	objectVersion = 56;
	objects = {

/* Begin PBXBuildFile section */
		36ADAD4629A45B5D0071BDC1 /* MyStuffStoryboard.storyboard in Resources */ = {isa = PBXBuildFile; fileRef = 36ADAD4529A45B5D0071BDC1 /* MyStuffStoryboard.storyboard */; };
		36ADAD4829A45B940071BDC1 /* MyStuffDetailViewController.swift in Sources */ = {isa = PBXBuildFile; fileRef = 36ADAD4729A45B940071BDC1 /* MyStuffDetailViewController.swift */; };
		36ADAD4D29A47D4D0071BDC1 /* DescriptionStuffTableViewCell.swift in Sources */ = {isa = PBXBuildFile; fileRef = 36ADAD4B29A47D4D0071BDC1 /* DescriptionStuffTableViewCell.swift */; };
		36ADAD4E29A47D4D0071BDC1 /* DescriptionStuffTableViewCell.xib in Resources */ = {isa = PBXBuildFile; fileRef = 36ADAD4C29A47D4D0071BDC1 /* DescriptionStuffTableViewCell.xib */; };
		36ADAD5429A4C10F0071BDC1 /* DetailStuffTableViewCell.swift in Sources */ = {isa = PBXBuildFile; fileRef = 36ADAD5329A4C10F0071BDC1 /* DetailStuffTableViewCell.swift */; };
		36B543A229A3257800648FBB /* AppDelegate.swift in Sources */ = {isa = PBXBuildFile; fileRef = 36B543A129A3257800648FBB /* AppDelegate.swift */; };
		36B543A429A3257800648FBB /* SceneDelegate.swift in Sources */ = {isa = PBXBuildFile; fileRef = 36B543A329A3257800648FBB /* SceneDelegate.swift */; };
		36B543A629A3257800648FBB /* MyListViewController.swift in Sources */ = {isa = PBXBuildFile; fileRef = 36B543A529A3257800648FBB /* MyListViewController.swift */; };
		36B543AB29A3257A00648FBB /* Assets.xcassets in Resources */ = {isa = PBXBuildFile; fileRef = 36B543AA29A3257A00648FBB /* Assets.xcassets */; };
		36B543AE29A3257A00648FBB /* LaunchScreen.storyboard in Resources */ = {isa = PBXBuildFile; fileRef = 36B543AC29A3257A00648FBB /* LaunchScreen.storyboard */; };
		36B543B929A327E800648FBB /* MyListTableViewCell.swift in Sources */ = {isa = PBXBuildFile; fileRef = 36B543B829A327E800648FBB /* MyListTableViewCell.swift */; };
		36B543BC29A3315C00648FBB /* Protocols.swift in Sources */ = {isa = PBXBuildFile; fileRef = 36B543BB29A3315C00648FBB /* Protocols.swift */; };
		36B543BE29A3345B00648FBB /* Extensions.swift in Sources */ = {isa = PBXBuildFile; fileRef = 36B543BD29A3345B00648FBB /* Extensions.swift */; };
		36B543C629A3367D00648FBB /* MyListContract.swift in Sources */ = {isa = PBXBuildFile; fileRef = 36B543C529A3367D00648FBB /* MyListContract.swift */; };
		36B543CA29A338A000648FBB /* MyListPresenter.swift in Sources */ = {isa = PBXBuildFile; fileRef = 36B543C929A338A000648FBB /* MyListPresenter.swift */; };
		36B543CD29A34FEA00648FBB /* MyListModel.swift in Sources */ = {isa = PBXBuildFile; fileRef = 36B543CC29A34FEA00648FBB /* MyListModel.swift */; };
		36B543CF29A3522100648FBB /* MyListInteractor.swift in Sources */ = {isa = PBXBuildFile; fileRef = 36B543CE29A3522100648FBB /* MyListInteractor.swift */; };
		36B543D129A358A000648FBB /* MyListRouter.swift in Sources */ = {isa = PBXBuildFile; fileRef = 36B543D029A358A000648FBB /* MyListRouter.swift */; };
		36B543D429A3725F00648FBB /* MyListFactory.swift in Sources */ = {isa = PBXBuildFile; fileRef = 36B543D329A3725F00648FBB /* MyListFactory.swift */; };
		36D33DD229CD5CBB000A4782 /* ListModel.swift in Sources */ = {isa = PBXBuildFile; fileRef = 36D33DD129CD5CBB000A4782 /* ListModel.swift */; };
		36D33DD429CD5D09000A4782 /* ListViewModel.swift in Sources */ = {isa = PBXBuildFile; fileRef = 36D33DD329CD5D09000A4782 /* ListViewModel.swift */; };
		36D33DD729CD5D4D000A4782 /* NetworkHelper.swift in Sources */ = {isa = PBXBuildFile; fileRef = 36D33DD629CD5D4D000A4782 /* NetworkHelper.swift */; };
		36D33DDF29CD629D000A4782 /* MyFavouriteStuffAppTests.swift in Sources */ = {isa = PBXBuildFile; fileRef = 36D33DDE29CD629D000A4782 /* MyFavouriteStuffAppTests.swift */; };
		36D33DE929CD760C000A4782 /* Constants.swift in Sources */ = {isa = PBXBuildFile; fileRef = 36D33DE829CD760C000A4782 /* Constants.swift */; };
		36D33DEC29CD8954000A4782 /* Builder.swift in Sources */ = {isa = PBXBuildFile; fileRef = 36D33DEB29CD8954000A4782 /* Builder.swift */; };
/* End PBXBuildFile section */

/* Begin PBXContainerItemProxy section */
		36D33DE029CD629D000A4782 /* PBXContainerItemProxy */ = {
			isa = PBXContainerItemProxy;
			containerPortal = 36B5439629A3257800648FBB /* Project object */;
			proxyType = 1;
			remoteGlobalIDString = 36B5439D29A3257800648FBB;
			remoteInfo = MyFavouriteStuffApp;
		};
/* End PBXContainerItemProxy section */

/* Begin PBXFileReference section */
		36ADAD4529A45B5D0071BDC1 /* MyStuffStoryboard.storyboard */ = {isa = PBXFileReference; lastKnownFileType = file.storyboard; path = MyStuffStoryboard.storyboard; sourceTree = "<group>"; };
		36ADAD4729A45B940071BDC1 /* MyStuffDetailViewController.swift */ = {isa = PBXFileReference; lastKnownFileType = sourcecode.swift; path = MyStuffDetailViewController.swift; sourceTree = "<group>"; };
		36ADAD4B29A47D4D0071BDC1 /* DescriptionStuffTableViewCell.swift */ = {isa = PBXFileReference; lastKnownFileType = sourcecode.swift; path = DescriptionStuffTableViewCell.swift; sourceTree = "<group>"; };
		36ADAD4C29A47D4D0071BDC1 /* DescriptionStuffTableViewCell.xib */ = {isa = PBXFileReference; lastKnownFileType = file.xib; path = DescriptionStuffTableViewCell.xib; sourceTree = "<group>"; };
		36ADAD5329A4C10F0071BDC1 /* DetailStuffTableViewCell.swift */ = {isa = PBXFileReference; lastKnownFileType = sourcecode.swift; path = DetailStuffTableViewCell.swift; sourceTree = "<group>"; };
		36B5439E29A3257800648FBB /* MyFavouriteStuffApp.app */ = {isa = PBXFileReference; explicitFileType = wrapper.application; includeInIndex = 0; path = MyFavouriteStuffApp.app; sourceTree = BUILT_PRODUCTS_DIR; };
		36B543A129A3257800648FBB /* AppDelegate.swift */ = {isa = PBXFileReference; lastKnownFileType = sourcecode.swift; path = AppDelegate.swift; sourceTree = "<group>"; };
		36B543A329A3257800648FBB /* SceneDelegate.swift */ = {isa = PBXFileReference; lastKnownFileType = sourcecode.swift; path = SceneDelegate.swift; sourceTree = "<group>"; };
		36B543A529A3257800648FBB /* MyListViewController.swift */ = {isa = PBXFileReference; lastKnownFileType = sourcecode.swift; path = MyListViewController.swift; sourceTree = "<group>"; };
		36B543AA29A3257A00648FBB /* Assets.xcassets */ = {isa = PBXFileReference; lastKnownFileType = folder.assetcatalog; path = Assets.xcassets; sourceTree = "<group>"; };
		36B543AD29A3257A00648FBB /* Base */ = {isa = PBXFileReference; lastKnownFileType = file.storyboard; name = Base; path = Base.lproj/LaunchScreen.storyboard; sourceTree = "<group>"; };
		36B543AF29A3257A00648FBB /* Info.plist */ = {isa = PBXFileReference; lastKnownFileType = text.plist.xml; path = Info.plist; sourceTree = "<group>"; };
		36B543B829A327E800648FBB /* MyListTableViewCell.swift */ = {isa = PBXFileReference; lastKnownFileType = sourcecode.swift; path = MyListTableViewCell.swift; sourceTree = "<group>"; };
		36B543BB29A3315C00648FBB /* Protocols.swift */ = {isa = PBXFileReference; lastKnownFileType = sourcecode.swift; path = Protocols.swift; sourceTree = "<group>"; };
		36B543BD29A3345B00648FBB /* Extensions.swift */ = {isa = PBXFileReference; lastKnownFileType = sourcecode.swift; path = Extensions.swift; sourceTree = "<group>"; };
		36B543C529A3367D00648FBB /* MyListContract.swift */ = {isa = PBXFileReference; lastKnownFileType = sourcecode.swift; path = MyListContract.swift; sourceTree = "<group>"; };
		36B543C929A338A000648FBB /* MyListPresenter.swift */ = {isa = PBXFileReference; lastKnownFileType = sourcecode.swift; path = MyListPresenter.swift; sourceTree = "<group>"; };
		36B543CC29A34FEA00648FBB /* MyListModel.swift */ = {isa = PBXFileReference; lastKnownFileType = sourcecode.swift; path = MyListModel.swift; sourceTree = "<group>"; };
		36B543CE29A3522100648FBB /* MyListInteractor.swift */ = {isa = PBXFileReference; lastKnownFileType = sourcecode.swift; path = MyListInteractor.swift; sourceTree = "<group>"; };
		36B543D029A358A000648FBB /* MyListRouter.swift */ = {isa = PBXFileReference; lastKnownFileType = sourcecode.swift; path = MyListRouter.swift; sourceTree = "<group>"; };
		36B543D329A3725F00648FBB /* MyListFactory.swift */ = {isa = PBXFileReference; lastKnownFileType = sourcecode.swift; path = MyListFactory.swift; sourceTree = "<group>"; };
		36D33DD129CD5CBB000A4782 /* ListModel.swift */ = {isa = PBXFileReference; lastKnownFileType = sourcecode.swift; path = ListModel.swift; sourceTree = "<group>"; };
		36D33DD329CD5D09000A4782 /* ListViewModel.swift */ = {isa = PBXFileReference; lastKnownFileType = sourcecode.swift; path = ListViewModel.swift; sourceTree = "<group>"; };
		36D33DD629CD5D4D000A4782 /* NetworkHelper.swift */ = {isa = PBXFileReference; lastKnownFileType = sourcecode.swift; path = NetworkHelper.swift; sourceTree = "<group>"; };
		36D33DDC29CD629D000A4782 /* MyFavouriteStuffAppTests.xctest */ = {isa = PBXFileReference; explicitFileType = wrapper.cfbundle; includeInIndex = 0; path = MyFavouriteStuffAppTests.xctest; sourceTree = BUILT_PRODUCTS_DIR; };
		36D33DDE29CD629D000A4782 /* MyFavouriteStuffAppTests.swift */ = {isa = PBXFileReference; lastKnownFileType = sourcecode.swift; path = MyFavouriteStuffAppTests.swift; sourceTree = "<group>"; };
		36D33DE829CD760C000A4782 /* Constants.swift */ = {isa = PBXFileReference; lastKnownFileType = sourcecode.swift; path = Constants.swift; sourceTree = "<group>"; };
		36D33DEB29CD8954000A4782 /* Builder.swift */ = {isa = PBXFileReference; lastKnownFileType = sourcecode.swift; path = Builder.swift; sourceTree = "<group>"; };
/* End PBXFileReference section */

/* Begin PBXFrameworksBuildPhase section */
		36B5439B29A3257800648FBB /* Frameworks */ = {
			isa = PBXFrameworksBuildPhase;
			buildActionMask = 2147483647;
			files = (
			);
			runOnlyForDeploymentPostprocessing = 0;
		};
		36D33DD929CD629D000A4782 /* Frameworks */ = {
			isa = PBXFrameworksBuildPhase;
			buildActionMask = 2147483647;
			files = (
			);
			runOnlyForDeploymentPostprocessing = 0;
		};
/* End PBXFrameworksBuildPhase section */

/* Begin PBXGroup section */
		36ADAD4929A4759A0071BDC1 /* DetailList(Liat yg ini aja) */ = {
			isa = PBXGroup;
			children = (
				36D33DD029CD5CAF000A4782 /* ListModel */,
				36D33DCF29CD5CA0000A4782 /* ListViewModel */,
				36ADAD4A29A475AD0071BDC1 /* View */,
			);
			path = "DetailList(Liat yg ini aja)";
			sourceTree = "<group>";
		};
		36ADAD4A29A475AD0071BDC1 /* View */ = {
			isa = PBXGroup;
			children = (
				36ADAD4729A45B940071BDC1 /* MyStuffDetailViewController.swift */,
				36ADAD4B29A47D4D0071BDC1 /* DescriptionStuffTableViewCell.swift */,
				36ADAD4C29A47D4D0071BDC1 /* DescriptionStuffTableViewCell.xib */,
				36ADAD5329A4C10F0071BDC1 /* DetailStuffTableViewCell.swift */,
			);
			path = View;
			sourceTree = "<group>";
		};
		36B5439529A3257800648FBB = {
			isa = PBXGroup;
			children = (
				36B543A029A3257800648FBB /* MyFavouriteStuffApp */,
				36D33DDD29CD629D000A4782 /* MyFavouriteStuffAppTests */,
				36B5439F29A3257800648FBB /* Products */,
			);
			sourceTree = "<group>";
		};
		36B5439F29A3257800648FBB /* Products */ = {
			isa = PBXGroup;
			children = (
				36B5439E29A3257800648FBB /* MyFavouriteStuffApp.app */,
				36D33DDC29CD629D000A4782 /* MyFavouriteStuffAppTests.xctest */,
			);
			name = Products;
			sourceTree = "<group>";
		};
		36B543A029A3257800648FBB /* MyFavouriteStuffApp */ = {
			isa = PBXGroup;
			children = (
				36D33DEA29CD8927000A4782 /* Core */,
				36D33DE729CD7601000A4782 /* Constant */,
				36D33DD529CD5D40000A4782 /* NetworkHelper */,
				36B543C229A335FA00648FBB /* Assets */,
				36B543C129A335E600648FBB /* Storyboard */,
				36B543BF29A3359800648FBB /* Modules */,
				36B543BA29A3314500648FBB /* Protocols */,
				36B543AF29A3257A00648FBB /* Info.plist */,
			);
			path = MyFavouriteStuffApp;
			sourceTree = "<group>";
		};
		36B543B529A327B900648FBB /* AppDelegate */ = {
			isa = PBXGroup;
			children = (
				36B543A129A3257800648FBB /* AppDelegate.swift */,
				36B543A329A3257800648FBB /* SceneDelegate.swift */,
			);
			path = AppDelegate;
			sourceTree = "<group>";
		};
		36B543BA29A3314500648FBB /* Protocols */ = {
			isa = PBXGroup;
			children = (
				36B543C429A3366500648FBB /* MyListContract */,
				36B543BB29A3315C00648FBB /* Protocols.swift */,
				36B543BD29A3345B00648FBB /* Extensions.swift */,
			);
			path = Protocols;
			sourceTree = "<group>";
		};
		36B543BF29A3359800648FBB /* Modules */ = {
			isa = PBXGroup;
			children = (
				36ADAD4929A4759A0071BDC1 /* DetailList(Liat yg ini aja) */,
				36B543C029A335C000648FBB /* MyList */,
			);
			path = Modules;
			sourceTree = "<group>";
		};
		36B543C029A335C000648FBB /* MyList */ = {
			isa = PBXGroup;
			children = (
				36B543CB29A34FD300648FBB /* Entitities */,
				36B543D229A3725500648FBB /* Factory */,
				36B543C729A3388800648FBB /* View */,
				36B543C929A338A000648FBB /* MyListPresenter.swift */,
				36B543CE29A3522100648FBB /* MyListInteractor.swift */,
				36B543D029A358A000648FBB /* MyListRouter.swift */,
			);
			path = MyList;
			sourceTree = "<group>";
		};
		36B543C129A335E600648FBB /* Storyboard */ = {
			isa = PBXGroup;
			children = (
				36B543AC29A3257A00648FBB /* LaunchScreen.storyboard */,
				36ADAD4529A45B5D0071BDC1 /* MyStuffStoryboard.storyboard */,
			);
			path = Storyboard;
			sourceTree = "<group>";
		};
		36B543C229A335FA00648FBB /* Assets */ = {
			isa = PBXGroup;
			children = (
				36B543AA29A3257A00648FBB /* Assets.xcassets */,
			);
			path = Assets;
			sourceTree = "<group>";
		};
		36B543C429A3366500648FBB /* MyListContract */ = {
			isa = PBXGroup;
			children = (
				36B543C529A3367D00648FBB /* MyListContract.swift */,
			);
			path = MyListContract;
			sourceTree = "<group>";
		};
		36B543C729A3388800648FBB /* View */ = {
			isa = PBXGroup;
			children = (
				36B543A529A3257800648FBB /* MyListViewController.swift */,
				36B543B829A327E800648FBB /* MyListTableViewCell.swift */,
			);
			path = View;
			sourceTree = "<group>";
		};
		36B543CB29A34FD300648FBB /* Entitities */ = {
			isa = PBXGroup;
			children = (
				36B543CC29A34FEA00648FBB /* MyListModel.swift */,
			);
			path = Entitities;
			sourceTree = "<group>";
		};
		36B543D229A3725500648FBB /* Factory */ = {
			isa = PBXGroup;
			children = (
				36B543D329A3725F00648FBB /* MyListFactory.swift */,
			);
			path = Factory;
			sourceTree = "<group>";
		};
		36D33DCF29CD5CA0000A4782 /* ListViewModel */ = {
			isa = PBXGroup;
			children = (
				36D33DD329CD5D09000A4782 /* ListViewModel.swift */,
			);
			path = ListViewModel;
			sourceTree = "<group>";
		};
		36D33DD029CD5CAF000A4782 /* ListModel */ = {
			isa = PBXGroup;
			children = (
				36D33DD129CD5CBB000A4782 /* ListModel.swift */,
			);
			path = ListModel;
			sourceTree = "<group>";
		};
		36D33DD529CD5D40000A4782 /* NetworkHelper */ = {
			isa = PBXGroup;
			children = (
				36D33DD629CD5D4D000A4782 /* NetworkHelper.swift */,
			);
			path = NetworkHelper;
			sourceTree = "<group>";
		};
		36D33DDD29CD629D000A4782 /* MyFavouriteStuffAppTests */ = {
			isa = PBXGroup;
			children = (
				36D33DDE29CD629D000A4782 /* MyFavouriteStuffAppTests.swift */,
			);
			path = MyFavouriteStuffAppTests;
			sourceTree = "<group>";
		};
		36D33DE729CD7601000A4782 /* Constant */ = {
			isa = PBXGroup;
			children = (
				36D33DE829CD760C000A4782 /* Constants.swift */,
			);
			path = Constant;
			sourceTree = "<group>";
		};
		36D33DEA29CD8927000A4782 /* Core */ = {
			isa = PBXGroup;
			children = (
				36B543B529A327B900648FBB /* AppDelegate */,
				36D33DEB29CD8954000A4782 /* Builder.swift */,
			);
			path = Core;
			sourceTree = "<group>";
		};
/* End PBXGroup section */

/* Begin PBXNativeTarget section */
		36B5439D29A3257800648FBB /* MyFavouriteStuffApp */ = {
			isa = PBXNativeTarget;
			buildConfigurationList = 36B543B229A3257A00648FBB /* Build configuration list for PBXNativeTarget "MyFavouriteStuffApp" */;
			buildPhases = (
				36B5439A29A3257800648FBB /* Sources */,
				36B5439B29A3257800648FBB /* Frameworks */,
				36B5439C29A3257800648FBB /* Resources */,
			);
			buildRules = (
			);
			dependencies = (
			);
			name = MyFavouriteStuffApp;
			productName = MyFavouriteStuffApp;
			productReference = 36B5439E29A3257800648FBB /* MyFavouriteStuffApp.app */;
			productType = "com.apple.product-type.application";
		};
		36D33DDB29CD629D000A4782 /* MyFavouriteStuffAppTests */ = {
			isa = PBXNativeTarget;
			buildConfigurationList = 36D33DE229CD629D000A4782 /* Build configuration list for PBXNativeTarget "MyFavouriteStuffAppTests" */;
			buildPhases = (
				36D33DD829CD629D000A4782 /* Sources */,
				36D33DD929CD629D000A4782 /* Frameworks */,
				36D33DDA29CD629D000A4782 /* Resources */,
			);
			buildRules = (
			);
			dependencies = (
				36D33DE129CD629D000A4782 /* PBXTargetDependency */,
			);
			name = MyFavouriteStuffAppTests;
			productName = MyFavouriteStuffAppTests;
			productReference = 36D33DDC29CD629D000A4782 /* MyFavouriteStuffAppTests.xctest */;
			productType = "com.apple.product-type.bundle.unit-test";
		};
/* End PBXNativeTarget section */

/* Begin PBXProject section */
		36B5439629A3257800648FBB /* Project object */ = {
			isa = PBXProject;
			attributes = {
				BuildIndependentTargetsInParallel = 1;
				LastSwiftUpdateCheck = 1420;
				LastUpgradeCheck = 1420;
				TargetAttributes = {
					36B5439D29A3257800648FBB = {
						CreatedOnToolsVersion = 14.2;
					};
					36D33DDB29CD629D000A4782 = {
						CreatedOnToolsVersion = 14.2;
						TestTargetID = 36B5439D29A3257800648FBB;
					};
				};
			};
			buildConfigurationList = 36B5439929A3257800648FBB /* Build configuration list for PBXProject "MyFavouriteStuffApp" */;
			compatibilityVersion = "Xcode 14.0";
			developmentRegion = en;
			hasScannedForEncodings = 0;
			knownRegions = (
				en,
				Base,
			);
			mainGroup = 36B5439529A3257800648FBB;
			productRefGroup = 36B5439F29A3257800648FBB /* Products */;
			projectDirPath = "";
			projectRoot = "";
			targets = (
				36B5439D29A3257800648FBB /* MyFavouriteStuffApp */,
				36D33DDB29CD629D000A4782 /* MyFavouriteStuffAppTests */,
			);
		};
/* End PBXProject section */

/* Begin PBXResourcesBuildPhase section */
		36B5439C29A3257800648FBB /* Resources */ = {
			isa = PBXResourcesBuildPhase;
			buildActionMask = 2147483647;
			files = (
				36B543AE29A3257A00648FBB /* LaunchScreen.storyboard in Resources */,
				36B543AB29A3257A00648FBB /* Assets.xcassets in Resources */,
				36ADAD4629A45B5D0071BDC1 /* MyStuffStoryboard.storyboard in Resources */,
				36ADAD4E29A47D4D0071BDC1 /* DescriptionStuffTableViewCell.xib in Resources */,
			);
			runOnlyForDeploymentPostprocessing = 0;
		};
		36D33DDA29CD629D000A4782 /* Resources */ = {
			isa = PBXResourcesBuildPhase;
			buildActionMask = 2147483647;
			files = (
			);
			runOnlyForDeploymentPostprocessing = 0;
		};
/* End PBXResourcesBuildPhase section */

/* Begin PBXSourcesBuildPhase section */
		36B5439A29A3257800648FBB /* Sources */ = {
			isa = PBXSourcesBuildPhase;
			buildActionMask = 2147483647;
			files = (
				36B543CF29A3522100648FBB /* MyListInteractor.swift in Sources */,
				36D33DE929CD760C000A4782 /* Constants.swift in Sources */,
				36ADAD4D29A47D4D0071BDC1 /* DescriptionStuffTableViewCell.swift in Sources */,
				36B543BC29A3315C00648FBB /* Protocols.swift in Sources */,
				36B543BE29A3345B00648FBB /* Extensions.swift in Sources */,
				36B543CA29A338A000648FBB /* MyListPresenter.swift in Sources */,
				36B543CD29A34FEA00648FBB /* MyListModel.swift in Sources */,
				36ADAD4829A45B940071BDC1 /* MyStuffDetailViewController.swift in Sources */,
				36D33DD229CD5CBB000A4782 /* ListModel.swift in Sources */,
				36B543A629A3257800648FBB /* MyListViewController.swift in Sources */,
				36B543B929A327E800648FBB /* MyListTableViewCell.swift in Sources */,
				36D33DD729CD5D4D000A4782 /* NetworkHelper.swift in Sources */,
				36B543D129A358A000648FBB /* MyListRouter.swift in Sources */,
				36B543D429A3725F00648FBB /* MyListFactory.swift in Sources */,
				36B543A229A3257800648FBB /* AppDelegate.swift in Sources */,
				36B543C629A3367D00648FBB /* MyListContract.swift in Sources */,
				36ADAD5429A4C10F0071BDC1 /* DetailStuffTableViewCell.swift in Sources */,
				36B543A429A3257800648FBB /* SceneDelegate.swift in Sources */,
				36D33DD429CD5D09000A4782 /* ListViewModel.swift in Sources */,
				36D33DEC29CD8954000A4782 /* Builder.swift in Sources */,
			);
			runOnlyForDeploymentPostprocessing = 0;
		};
		36D33DD829CD629D000A4782 /* Sources */ = {
			isa = PBXSourcesBuildPhase;
			buildActionMask = 2147483647;
			files = (
				36D33DDF29CD629D000A4782 /* MyFavouriteStuffAppTests.swift in Sources */,
			);
			runOnlyForDeploymentPostprocessing = 0;
		};
/* End PBXSourcesBuildPhase section */

/* Begin PBXTargetDependency section */
		36D33DE129CD629D000A4782 /* PBXTargetDependency */ = {
			isa = PBXTargetDependency;
			target = 36B5439D29A3257800648FBB /* MyFavouriteStuffApp */;
			targetProxy = 36D33DE029CD629D000A4782 /* PBXContainerItemProxy */;
		};
/* End PBXTargetDependency section */

/* Begin PBXVariantGroup section */
		36B543AC29A3257A00648FBB /* LaunchScreen.storyboard */ = {
			isa = PBXVariantGroup;
			children = (
				36B543AD29A3257A00648FBB /* Base */,
			);
			name = LaunchScreen.storyboard;
			sourceTree = "<group>";
		};
/* End PBXVariantGroup section */

/* Begin XCBuildConfiguration section */
		36B543B029A3257A00648FBB /* Debug */ = {
			isa = XCBuildConfiguration;
			buildSettings = {
				ALWAYS_SEARCH_USER_PATHS = NO;
				CLANG_ANALYZER_NONNULL = YES;
				CLANG_ANALYZER_NUMBER_OBJECT_CONVERSION = YES_AGGRESSIVE;
				CLANG_CXX_LANGUAGE_STANDARD = "gnu++20";
				CLANG_ENABLE_MODULES = YES;
				CLANG_ENABLE_OBJC_ARC = YES;
				CLANG_ENABLE_OBJC_WEAK = YES;
				CLANG_WARN_BLOCK_CAPTURE_AUTORELEASING = YES;
				CLANG_WARN_BOOL_CONVERSION = YES;
				CLANG_WARN_COMMA = YES;
				CLANG_WARN_CONSTANT_CONVERSION = YES;
				CLANG_WARN_DEPRECATED_OBJC_IMPLEMENTATIONS = YES;
				CLANG_WARN_DIRECT_OBJC_ISA_USAGE = YES_ERROR;
				CLANG_WARN_DOCUMENTATION_COMMENTS = YES;
				CLANG_WARN_EMPTY_BODY = YES;
				CLANG_WARN_ENUM_CONVERSION = YES;
				CLANG_WARN_INFINITE_RECURSION = YES;
				CLANG_WARN_INT_CONVERSION = YES;
				CLANG_WARN_NON_LITERAL_NULL_CONVERSION = YES;
				CLANG_WARN_OBJC_IMPLICIT_RETAIN_SELF = YES;
				CLANG_WARN_OBJC_LITERAL_CONVERSION = YES;
				CLANG_WARN_OBJC_ROOT_CLASS = YES_ERROR;
				CLANG_WARN_QUOTED_INCLUDE_IN_FRAMEWORK_HEADER = YES;
				CLANG_WARN_RANGE_LOOP_ANALYSIS = YES;
				CLANG_WARN_STRICT_PROTOTYPES = YES;
				CLANG_WARN_SUSPICIOUS_MOVE = YES;
				CLANG_WARN_UNGUARDED_AVAILABILITY = YES_AGGRESSIVE;
				CLANG_WARN_UNREACHABLE_CODE = YES;
				CLANG_WARN__DUPLICATE_METHOD_MATCH = YES;
				COPY_PHASE_STRIP = NO;
				DEBUG_INFORMATION_FORMAT = dwarf;
				ENABLE_STRICT_OBJC_MSGSEND = YES;
				ENABLE_TESTABILITY = YES;
				GCC_C_LANGUAGE_STANDARD = gnu11;
				GCC_DYNAMIC_NO_PIC = NO;
				GCC_NO_COMMON_BLOCKS = YES;
				GCC_OPTIMIZATION_LEVEL = 0;
				GCC_PREPROCESSOR_DEFINITIONS = (
					"DEBUG=1",
					"$(inherited)",
				);
				GCC_WARN_64_TO_32_BIT_CONVERSION = YES;
				GCC_WARN_ABOUT_RETURN_TYPE = YES_ERROR;
				GCC_WARN_UNDECLARED_SELECTOR = YES;
				GCC_WARN_UNINITIALIZED_AUTOS = YES_AGGRESSIVE;
				GCC_WARN_UNUSED_FUNCTION = YES;
				GCC_WARN_UNUSED_VARIABLE = YES;
				IPHONEOS_DEPLOYMENT_TARGET = 16.2;
				MTL_ENABLE_DEBUG_INFO = INCLUDE_SOURCE;
				MTL_FAST_MATH = YES;
				ONLY_ACTIVE_ARCH = YES;
				SDKROOT = iphoneos;
				SWIFT_ACTIVE_COMPILATION_CONDITIONS = DEBUG;
				SWIFT_OPTIMIZATION_LEVEL = "-Onone";
			};
			name = Debug;
		};
		36B543B129A3257A00648FBB /* Release */ = {
			isa = XCBuildConfiguration;
			buildSettings = {
				ALWAYS_SEARCH_USER_PATHS = NO;
				CLANG_ANALYZER_NONNULL = YES;
				CLANG_ANALYZER_NUMBER_OBJECT_CONVERSION = YES_AGGRESSIVE;
				CLANG_CXX_LANGUAGE_STANDARD = "gnu++20";
				CLANG_ENABLE_MODULES = YES;
				CLANG_ENABLE_OBJC_ARC = YES;
				CLANG_ENABLE_OBJC_WEAK = YES;
				CLANG_WARN_BLOCK_CAPTURE_AUTORELEASING = YES;
				CLANG_WARN_BOOL_CONVERSION = YES;
				CLANG_WARN_COMMA = YES;
				CLANG_WARN_CONSTANT_CONVERSION = YES;
				CLANG_WARN_DEPRECATED_OBJC_IMPLEMENTATIONS = YES;
				CLANG_WARN_DIRECT_OBJC_ISA_USAGE = YES_ERROR;
				CLANG_WARN_DOCUMENTATION_COMMENTS = YES;
				CLANG_WARN_EMPTY_BODY = YES;
				CLANG_WARN_ENUM_CONVERSION = YES;
				CLANG_WARN_INFINITE_RECURSION = YES;
				CLANG_WARN_INT_CONVERSION = YES;
				CLANG_WARN_NON_LITERAL_NULL_CONVERSION = YES;
				CLANG_WARN_OBJC_IMPLICIT_RETAIN_SELF = YES;
				CLANG_WARN_OBJC_LITERAL_CONVERSION = YES;
				CLANG_WARN_OBJC_ROOT_CLASS = YES_ERROR;
				CLANG_WARN_QUOTED_INCLUDE_IN_FRAMEWORK_HEADER = YES;
				CLANG_WARN_RANGE_LOOP_ANALYSIS = YES;
				CLANG_WARN_STRICT_PROTOTYPES = YES;
				CLANG_WARN_SUSPICIOUS_MOVE = YES;
				CLANG_WARN_UNGUARDED_AVAILABILITY = YES_AGGRESSIVE;
				CLANG_WARN_UNREACHABLE_CODE = YES;
				CLANG_WARN__DUPLICATE_METHOD_MATCH = YES;
				COPY_PHASE_STRIP = NO;
				DEBUG_INFORMATION_FORMAT = "dwarf-with-dsym";
				ENABLE_NS_ASSERTIONS = NO;
				ENABLE_STRICT_OBJC_MSGSEND = YES;
				GCC_C_LANGUAGE_STANDARD = gnu11;
				GCC_NO_COMMON_BLOCKS = YES;
				GCC_WARN_64_TO_32_BIT_CONVERSION = YES;
				GCC_WARN_ABOUT_RETURN_TYPE = YES_ERROR;
				GCC_WARN_UNDECLARED_SELECTOR = YES;
				GCC_WARN_UNINITIALIZED_AUTOS = YES_AGGRESSIVE;
				GCC_WARN_UNUSED_FUNCTION = YES;
				GCC_WARN_UNUSED_VARIABLE = YES;
				IPHONEOS_DEPLOYMENT_TARGET = 16.2;
				MTL_ENABLE_DEBUG_INFO = NO;
				MTL_FAST_MATH = YES;
				SDKROOT = iphoneos;
				SWIFT_COMPILATION_MODE = wholemodule;
				SWIFT_OPTIMIZATION_LEVEL = "-O";
				VALIDATE_PRODUCT = YES;
			};
			name = Release;
		};
		36B543B329A3257A00648FBB /* Debug */ = {
			isa = XCBuildConfiguration;
			buildSettings = {
				ASSETCATALOG_COMPILER_APPICON_NAME = AppIcon;
				ASSETCATALOG_COMPILER_GLOBAL_ACCENT_COLOR_NAME = AccentColor;
				CODE_SIGN_STYLE = Automatic;
				CURRENT_PROJECT_VERSION = 1;
				GENERATE_INFOPLIST_FILE = YES;
				INFOPLIST_FILE = MyFavouriteStuffApp/Info.plist;
				INFOPLIST_KEY_UIApplicationSupportsIndirectInputEvents = YES;
				INFOPLIST_KEY_UILaunchStoryboardName = LaunchScreen;
				INFOPLIST_KEY_UISupportedInterfaceOrientations_iPad = "UIInterfaceOrientationPortrait UIInterfaceOrientationPortraitUpsideDown UIInterfaceOrientationLandscapeLeft UIInterfaceOrientationLandscapeRight";
				INFOPLIST_KEY_UISupportedInterfaceOrientations_iPhone = "UIInterfaceOrientationPortrait UIInterfaceOrientationLandscapeLeft UIInterfaceOrientationLandscapeRight";
				LD_RUNPATH_SEARCH_PATHS = (
					"$(inherited)",
					"@executable_path/Frameworks",
				);
				MARKETING_VERSION = 1.0;
				PRODUCT_BUNDLE_IDENTIFIER = plearn.MyFavouriteStuffApp;
				PRODUCT_NAME = "$(TARGET_NAME)";
				SWIFT_EMIT_LOC_STRINGS = YES;
				SWIFT_VERSION = 5.0;
				TARGETED_DEVICE_FAMILY = "1,2";
			};
			name = Debug;
		};
		36B543B429A3257A00648FBB /* Release */ = {
			isa = XCBuildConfiguration;
			buildSettings = {
				ASSETCATALOG_COMPILER_APPICON_NAME = AppIcon;
				ASSETCATALOG_COMPILER_GLOBAL_ACCENT_COLOR_NAME = AccentColor;
				CODE_SIGN_STYLE = Automatic;
				CURRENT_PROJECT_VERSION = 1;
				GENERATE_INFOPLIST_FILE = YES;
				INFOPLIST_FILE = MyFavouriteStuffApp/Info.plist;
				INFOPLIST_KEY_UIApplicationSupportsIndirectInputEvents = YES;
				INFOPLIST_KEY_UILaunchStoryboardName = LaunchScreen;
				INFOPLIST_KEY_UISupportedInterfaceOrientations_iPad = "UIInterfaceOrientationPortrait UIInterfaceOrientationPortraitUpsideDown UIInterfaceOrientationLandscapeLeft UIInterfaceOrientationLandscapeRight";
				INFOPLIST_KEY_UISupportedInterfaceOrientations_iPhone = "UIInterfaceOrientationPortrait UIInterfaceOrientationLandscapeLeft UIInterfaceOrientationLandscapeRight";
				LD_RUNPATH_SEARCH_PATHS = (
					"$(inherited)",
					"@executable_path/Frameworks",
				);
				MARKETING_VERSION = 1.0;
				PRODUCT_BUNDLE_IDENTIFIER = plearn.MyFavouriteStuffApp;
				PRODUCT_NAME = "$(TARGET_NAME)";
				SWIFT_EMIT_LOC_STRINGS = YES;
				SWIFT_VERSION = 5.0;
				TARGETED_DEVICE_FAMILY = "1,2";
			};
			name = Release;
		};
		36D33DE329CD629D000A4782 /* Debug */ = {
			isa = XCBuildConfiguration;
			buildSettings = {
				BUNDLE_LOADER = "$(TEST_HOST)";
				CODE_SIGN_STYLE = Automatic;
				CURRENT_PROJECT_VERSION = 1;
				GENERATE_INFOPLIST_FILE = YES;
				MARKETING_VERSION = 1.0;
				PRODUCT_BUNDLE_IDENTIFIER = plearn.MyFavouriteStuffAppTests;
				PRODUCT_NAME = "$(TARGET_NAME)";
				SWIFT_EMIT_LOC_STRINGS = NO;
				SWIFT_VERSION = 5.0;
				TARGETED_DEVICE_FAMILY = "1,2";
				TEST_HOST = "$(BUILT_PRODUCTS_DIR)/MyFavouriteStuffApp.app/$(BUNDLE_EXECUTABLE_FOLDER_PATH)/MyFavouriteStuffApp";
			};
			name = Debug;
		};
		36D33DE429CD629D000A4782 /* Release */ = {
			isa = XCBuildConfiguration;
			buildSettings = {
				BUNDLE_LOADER = "$(TEST_HOST)";
				CODE_SIGN_STYLE = Automatic;
				CURRENT_PROJECT_VERSION = 1;
				GENERATE_INFOPLIST_FILE = YES;
				MARKETING_VERSION = 1.0;
				PRODUCT_BUNDLE_IDENTIFIER = plearn.MyFavouriteStuffAppTests;
				PRODUCT_NAME = "$(TARGET_NAME)";
				SWIFT_EMIT_LOC_STRINGS = NO;
				SWIFT_VERSION = 5.0;
				TARGETED_DEVICE_FAMILY = "1,2";
				TEST_HOST = "$(BUILT_PRODUCTS_DIR)/MyFavouriteStuffApp.app/$(BUNDLE_EXECUTABLE_FOLDER_PATH)/MyFavouriteStuffApp";
			};
			name = Release;
		};
/* End XCBuildConfiguration section */

/* Begin XCConfigurationList section */
		36B5439929A3257800648FBB /* Build configuration list for PBXProject "MyFavouriteStuffApp" */ = {
			isa = XCConfigurationList;
			buildConfigurations = (
				36B543B029A3257A00648FBB /* Debug */,
				36B543B129A3257A00648FBB /* Release */,
			);
			defaultConfigurationIsVisible = 0;
			defaultConfigurationName = Release;
		};
		36B543B229A3257A00648FBB /* Build configuration list for PBXNativeTarget "MyFavouriteStuffApp" */ = {
			isa = XCConfigurationList;
			buildConfigurations = (
				36B543B329A3257A00648FBB /* Debug */,
				36B543B429A3257A00648FBB /* Release */,
			);
			defaultConfigurationIsVisible = 0;
			defaultConfigurationName = Release;
		};
		36D33DE229CD629D000A4782 /* Build configuration list for PBXNativeTarget "MyFavouriteStuffAppTests" */ = {
			isa = XCConfigurationList;
			buildConfigurations = (
				36D33DE329CD629D000A4782 /* Debug */,
				36D33DE429CD629D000A4782 /* Release */,
			);
			defaultConfigurationIsVisible = 0;
			defaultConfigurationName = Release;
		};
/* End XCConfigurationList section */
	};
	rootObject = 36B5439629A3257800648FBB /* Project object */;
}
